{
  "name": "@css-npm/test",
  "version": "0.0.5",
  "lockfileVersion": 3,
  "requires": true,
  "packages": {
    "": {
      "name": "@css-npm/test",
      "version": "0.0.5",
      "devDependencies": {
        "vue": "^3.2.39"
      },
      "peerDependencies": {
        "vue": "^3.2.39"
      }
    },
    "../../node_modules/.pnpm/vue@3.2.45/node_modules/vue": {
      "version": "3.2.45",
      "dev": true,
      "license": "MIT",
      "dependencies": {
        "@vue/compiler-dom": "3.2.45",
        "@vue/compiler-sfc": "3.2.45",
        "@vue/runtime-dom": "3.2.45",
        "@vue/server-renderer": "3.2.45",
        "@vue/shared": "3.2.45"
      }
    },
    "node_modules/vue": {
      "resolved": "../../node_modules/.pnpm/vue@3.2.45/node_modules/vue",
      "link": true
    }
  }
}
